<?xml version="1.0" encoding="utf-8"?>
<Project ToolsVersion="4.0" xmlns="http://schemas.microsoft.com/developer/msbuild/2003">
  <ItemGroup>
    <Filter Include="lib">
      <UniqueIdentifier>{5b5cd72d-d653-4088-9ccb-5ad570356d5d}</UniqueIdentifier>
    </Filter>
  </ItemGroup>
  <ItemGroup>
    <ClCompile Include="main.cpp" />
    <ClCompile Include="..\lib\windows.cpp">
      <Filter>lib</Filter>
    </ClCompile>
  </ItemGroup>
  <ItemGroup>
    <ClInclude Include="..\lib\return.h">
      <Filter>lib</Filter>
    </ClInclude>
    <ClInclude Include="..\lib\windows.h">
      <Filter>lib</Filter>
    </ClInclude>
  </ItemGroup>
</Project>