<?xml version="1.0" encoding="utf-8"?>
<Project ToolsVersion="4.0" xmlns="http://schemas.microsoft.com/developer/msbuild/2003">
  <ItemGroup>
    <ClCompile Include="main.cpp" />
    <ClCompile Include="..\lib\io_windows.cpp">
      <Filter>lib</Filter>
    </ClCompile>
    <ClCompile Include="..\lib\windows.cpp">
      <Filter>lib</Filter>
    </ClCompile>
  </ItemGroup>
  <ItemGroup>
    <Filter Include="lib">
      <UniqueIdentifier>{098a12e2-7249-4302-a752-ef0429088a78}</UniqueIdentifier>
    </Filter>
  </ItemGroup>
  <ItemGroup>
    <ClInclude Include="..\lib\net.h">
      <Filter>lib</Filter>
    </ClInclude>
    <ClInclude Include="..\lib\return.h">
      <Filter>lib</Filter>
    </ClInclude>
    <ClInclude Include="..\lib\windows.h">
      <Filter>lib</Filter>
    </ClInclude>
  </ItemGroup>
</Project>